
Microsoft Visual Studio Solution File, Format Version 12.00
# Visual Studio Version 17
VisualStudioVersion = 17.8.34511.84
MinimumVisualStudioVersion = 10.0.40219.1
Project("{9A19103F-16F7-4668-BE54-9A1E7A4F7556}") = "AutoStop", "AutoStop.csproj", "{195F110E-15A9-4E49-B980-6EB5D6AA3E64}"
EndProject
Project("{FAE04EC0-301F-11D3-BF4B-00C04F79EFBC}") = "AutoStopAPI", "D:\AutoStopAPI\AutoStopAPI.csproj", "{BAD85FF9-5E1E-4F1B-8C76-234623644F87}"
EndProject
Global
	GlobalSection(SolutionConfigurationPlatforms) = preSolution
		Debug|Any CPU = Debug|Any CPU
		Release|Any CPU = Release|Any CPU
	EndGlobalSection
	GlobalSection(ProjectConfigurationPlatforms) = postSolution
		{195F110E-15A9-4E49-B980-6EB5D6AA3E64}.Debug|Any CPU.ActiveCfg = Debug|Any CPU
		{195F110E-15A9-4E49-B980-6EB5D6AA3E64}.Debug|Any CPU.Build.0 = Debug|Any CPU
		{195F110E-15A9-4E49-B980-6EB5D6AA3E64}.Debug|Any CPU.Deploy.0 = Debug|Any CPU
		{195F110E-15A9-4E49-B980-6EB5D6AA3E64}.Release|Any CPU.ActiveCfg = Release|Any CPU
		{195F110E-15A9-4E49-B980-6EB5D6AA3E64}.Release|Any CPU.Build.0 = Release|Any CPU
		{195F110E-15A9-4E49-B980-6EB5D6AA3E64}.Release|Any CPU.Deploy.0 = Release|Any CPU
		{BAD85FF9-5E1E-4F1B-8C76-234623644F87}.Debug|Any CPU.ActiveCfg = Debug|Any CPU
		{BAD85FF9-5E1E-4F1B-8C76-234623644F87}.Debug|Any CPU.Build.0 = Debug|Any CPU
		{BAD85FF9-5E1E-4F1B-8C76-234623644F87}.Release|Any CPU.ActiveCfg = Release|Any CPU
		{BAD85FF9-5E1E-4F1B-8C76-234623644F87}.Release|Any CPU.Build.0 = Release|Any CPU
	EndGlobalSection
	GlobalSection(SolutionProperties) = preSolution
		HideSolutionNode = FALSE
	EndGlobalSection
	GlobalSection(ExtensibilityGlobals) = postSolution
		SolutionGuid = {29CCAE98-7B51-437C-962B-5EFD1ED0C913}
	EndGlobalSection
EndGlobal
